
Microsoft Visual Studio Solution File, Format Version 12.00
# Visual Studio Version 17
VisualStudioVersion = 17.0.32126.317
MinimumVisualStudioVersion = 10.0.40219.1
Project("{FAE04EC0-301F-11D3-BF4B-00C04F79EFBC}") = "Todos", "Todos\Todos.csproj", "{FF59BEB8-080B-4723-9A82-87C7A30086A2}"
EndProject
Global
	GlobalSection(SolutionConfigurationPlatforms) = preSolution
		Debug|Any CPU = Debug|Any CPU
		Release|Any CPU = Release|Any CPU
	EndGlobalSection
	GlobalSection(ProjectConfigurationPlatforms) = postSolution
		{FF59BEB8-080B-4723-9A82-87C7A30086A2}.Debug|Any CPU.ActiveCfg = Debug|Any CPU
		{FF59BEB8-080B-4723-9A82-87C7A30086A2}.Debug|Any CPU.Build.0 = Debug|Any CPU
		{FF59BEB8-080B-4723-9A82-87C7A30086A2}.Release|Any CPU.ActiveCfg = Release|Any CPU
		{FF59BEB8-080B-4723-9A82-87C7A30086A2}.Release|Any CPU.Build.0 = Release|Any CPU
	EndGlobalSection
	GlobalSection(SolutionProperties) = preSolution
		HideSolutionNode = FALSE
	EndGlobalSection
	GlobalSection(ExtensibilityGlobals) = postSolution
		SolutionGuid = {89F48F0F-0059-4A07-AC8B-B0B563086F46}
	EndGlobalSection
EndGlobal
